
Microsoft Visual Studio Solution File, Format Version 12.00
# Visual Studio Version 17
VisualStudioVersion = 17.0.31912.275
MinimumVisualStudioVersion = 10.0.40219.1
Project("{FAE04EC0-301F-11D3-BF4B-00C04F79EFBC}") = "UrlRoutingDemo", "UrlRoutingDemo.csproj", "{A5CAB0B2-DD92-4053-835A-BCDA77A37B34}"
EndProject
Global
	GlobalSection(SolutionConfigurationPlatforms) = preSolution
		Debug|Any CPU = Debug|Any CPU
		Release|Any CPU = Release|Any CPU
	EndGlobalSection
	GlobalSection(ProjectConfigurationPlatforms) = postSolution
		{A5CAB0B2-DD92-4053-835A-BCDA77A37B34}.Debug|Any CPU.ActiveCfg = Debug|Any CPU
		{A5CAB0B2-DD92-4053-835A-BCDA77A37B34}.Debug|Any CPU.Build.0 = Debug|Any CPU
		{A5CAB0B2-DD92-4053-835A-BCDA77A37B34}.Release|Any CPU.ActiveCfg = Release|Any CPU
		{A5CAB0B2-DD92-4053-835A-BCDA77A37B34}.Release|Any CPU.Build.0 = Release|Any CPU
	EndGlobalSection
	GlobalSection(SolutionProperties) = preSolution
		HideSolutionNode = FALSE
	EndGlobalSection
	GlobalSection(ExtensibilityGlobals) = postSolution
		SolutionGuid = {FEA679F2-395C-4E94-8B15-D0626BF5FAFF}
	EndGlobalSection
EndGlobal
