
Microsoft Visual Studio Solution File, Format Version 12.00
# Visual Studio Version 17
VisualStudioVersion = 17.0.31912.275
MinimumVisualStudioVersion = 10.0.40219.1
Project("{FAE04EC0-301F-11D3-BF4B-00C04F79EFBC}") = "SharedViewDemo", "SharedViewDemo.csproj", "{6FB50F36-4BDB-46ED-85D8-D1A01CDF4345}"
EndProject
Global
	GlobalSection(SolutionConfigurationPlatforms) = preSolution
		Debug|Any CPU = Debug|Any CPU
		Release|Any CPU = Release|Any CPU
	EndGlobalSection
	GlobalSection(ProjectConfigurationPlatforms) = postSolution
		{6FB50F36-4BDB-46ED-85D8-D1A01CDF4345}.Debug|Any CPU.ActiveCfg = Debug|Any CPU
		{6FB50F36-4BDB-46ED-85D8-D1A01CDF4345}.Debug|Any CPU.Build.0 = Debug|Any CPU
		{6FB50F36-4BDB-46ED-85D8-D1A01CDF4345}.Release|Any CPU.ActiveCfg = Release|Any CPU
		{6FB50F36-4BDB-46ED-85D8-D1A01CDF4345}.Release|Any CPU.Build.0 = Release|Any CPU
	EndGlobalSection
	GlobalSection(SolutionProperties) = preSolution
		HideSolutionNode = FALSE
	EndGlobalSection
	GlobalSection(ExtensibilityGlobals) = postSolution
		SolutionGuid = {940BF46F-140D-45A3-A0B1-5FA4536E5E7D}
	EndGlobalSection
EndGlobal
